dependencies:
- name: elasticsearch
  repository: https://helm.elastic.co
  version: 7.17.3
- name: kibana
  repository: https://helm.elastic.co
  version: 8.5.1
- name: metricbeat
  repository: https://helm.elastic.co
  version: 7.17.3
- name: filebeat
  repository: https://helm.elastic.co
  version: 7.17.3
digest: sha256:eafafa5afb4084734e06978aca9c13f4cd4a83e3b58e848f771918cbc6eae48d
generated: "2022-11-26T00:03:18.495951334Z"
