dependencies:
- name: elasticsearch
  repository: https://helm.elastic.co
  version: 7.17.3
- name: kibana
  repository: https://helm.elastic.co
  version: 7.17.3
- name: metricbeat
  repository: https://helm.elastic.co
  version: 7.17.3
- name: filebeat
  repository: https://helm.elastic.co
  version: 8.5.1
digest: sha256:42d4b0e949a16f14a85b9d615b762f7fc950206bb01ee56c01b665c47dbb5c8b
generated: "2022-11-19T00:03:08.892082566Z"
