dependencies:
- name: elasticsearch
  repository: https://helm.elastic.co
  version: 8.5.1
- name: kibana
  repository: https://helm.elastic.co
  version: 7.17.3
- name: metricbeat
  repository: https://helm.elastic.co
  version: 7.17.3
- name: filebeat
  repository: https://helm.elastic.co
  version: 7.17.3
digest: sha256:4d14aa2184a88411c9df4693ba9d0939e90f80693f31d1024093cef5afd19387
generated: "2022-11-19T00:02:56.175367643Z"
